{
  "name": "@coderifts/conformance",
  "version": "0.5.0",
  "lockfileVersion": 3,
  "requires": true,
  "packages": {
    "": {
      "name": "@coderifts/conformance",
      "version": "0.5.0",
      "license": "MIT",
      "dependencies": {
        "@coderifts/agent-guard": ">=8.1.1",
        "@coderifts/sdk": ">=1.1.1"
      },
      "bin": {
        "conformance": "bin/coderifts-conformance.js"
      },
      "engines": {
        "node": ">=20.0.0"
      },
      "optionalDependencies": {
        "capability-demo": "git+https://github.com/coderifts/capability-demo.git#188479a15ecb2f4ef57f437d0cec67d94e3598fd"
      }
    },
    "node_modules/@coderifts/agent-guard": {
      "version": "14.0.0",
      "license": "MIT",
      "dependencies": {
        "@coderifts/sdk": "^3.4.0"
      },
      "engines": {
        "node": ">=18"
      }
    },
    "node_modules/@coderifts/sdk": {
      "version": "3.10.0",
      "license": "MIT",
      "engines": {
        "node": ">=18"
      }
    },
    "node_modules/capability-demo": {
      "name": "@coderifts/prove",
      "version": "0.1.1",
      "resolved": "git+ssh://git@github.com/coderifts/capability-demo.git#188479a15ecb2f4ef57f437d0cec67d94e3598fd",
      "integrity": "sha512-DH6v6LN6x/uJIZ1nACR1dtNbt/8PJbeB08tTnhoB6IS2C4gQ7DdLSYiV/ZF8sLhpU833e/qxWZNUMDVOOsBbqg==",
      "license": "MIT",
      "optional": true,
      "workspaces": [
        "packages/middleware",
        "demo"
      ],
      "bin": {
        "coderifts-prove": "bin/prove-all.js"
      },
      "engines": {
        "node": ">=20"
      }
    }
  }
}
