{
  "name": "@coderifts/conformance",
  "version": "0.5.0",
  "lockfileVersion": 3,
  "requires": true,
  "packages": {
    "": {
      "name": "@coderifts/conformance",
      "version": "0.5.0",
      "license": "MIT",
      "dependencies": {
        "@coderifts/agent-guard": ">=8.1.1",
        "@coderifts/sdk": ">=1.1.1"
      },
      "bin": {
        "conformance": "bin/coderifts-conformance.js"
      },
      "engines": {
        "node": ">=20.0.0"
      },
      "optionalDependencies": {
        "capability-demo": "git+https://github.com/coderifts/capability-demo.git#b52def10defe59fb4204649ef67cd6a2ce070a68"
      }
    },
    "node_modules/@coderifts/agent-guard": {
      "version": "14.0.0",
      "resolved": "https://registry.npmjs.org/@coderifts/agent-guard/-/agent-guard-14.0.0.tgz",
      "integrity": "sha512-eOTmV/FJzDEh/vga4AjXmb3UgQ44KznHWTCEwIXwqGZg5s9SHjudtiSbXnc08wQ+1jZ1qkSbQXfPlSEUtWsI+w==",
      "license": "MIT",
      "dependencies": {
        "@coderifts/sdk": "^3.4.0"
      },
      "engines": {
        "node": ">=18"
      }
    },
    "node_modules/@coderifts/sdk": {
      "version": "3.10.0",
      "resolved": "https://registry.npmjs.org/@coderifts/sdk/-/sdk-3.10.0.tgz",
      "integrity": "sha512-SMGHTt9YcONs7d40DrG6KKFEsynj96pKhO5dyqVAVTI87mIBaFjjQYkgsgTqfADqS5eaVNRR6V6BSVvKePMPwg==",
      "license": "MIT",
      "engines": {
        "node": ">=18"
      }
    },
    "node_modules/capability-demo": {
      "version": "0.1.0",
      "resolved": "git+ssh://git@github.com/coderifts/capability-demo.git#b52def10defe59fb4204649ef67cd6a2ce070a68",
      "integrity": "sha512-OkMsFAiyLkkZW4qN3HuGMDo1FHkcPQQd38CKTmW1jtqGuPawRx5HWZMeOkqZXdAmBjQV7Uv6F+s8Swljg8+wIQ==",
      "license": "MIT",
      "optional": true,
      "workspaces": [
        "packages/middleware",
        "demo"
      ],
      "engines": {
        "node": ">=20"
      }
    }
  }
}
