{
  "name": "@coderifts/conformance",
  "version": "0.3.0",
  "lockfileVersion": 3,
  "requires": true,
  "packages": {
    "": {
      "name": "@coderifts/conformance",
      "version": "0.3.0",
      "license": "MIT",
      "dependencies": {
        "@coderifts/agent-guard": ">=8.1.1",
        "@coderifts/sdk": ">=1.1.1"
      },
      "bin": {
        "conformance": "bin/coderifts-conformance.js"
      },
      "engines": {
        "node": ">=20.0.0"
      }
    },
    "node_modules/@coderifts/agent-guard": {
      "version": "14.0.0",
      "resolved": "https://registry.npmjs.org/@coderifts/agent-guard/-/agent-guard-14.0.0.tgz",
      "integrity": "sha512-eOTmV/FJzDEh/vga4AjXmb3UgQ44KznHWTCEwIXwqGZg5s9SHjudtiSbXnc08wQ+1jZ1qkSbQXfPlSEUtWsI+w==",
      "license": "MIT",
      "dependencies": {
        "@coderifts/sdk": "^3.4.0"
      },
      "engines": {
        "node": ">=18"
      }
    },
    "node_modules/@coderifts/sdk": {
      "version": "3.10.0",
      "resolved": "https://registry.npmjs.org/@coderifts/sdk/-/sdk-3.10.0.tgz",
      "integrity": "sha512-SMGHTt9YcONs7d40DrG6KKFEsynj96pKhO5dyqVAVTI87mIBaFjjQYkgsgTqfADqS5eaVNRR6V6BSVvKePMPwg==",
      "license": "MIT",
      "engines": {
        "node": ">=18"
      }
    }
  }
}
